
Microsoft Visual Studio Solution File, Format Version 12.00
# Visual Studio 15
VisualStudioVersion = 15.0.28307.1831
MinimumVisualStudioVersion = 10.0.40219.1
Project("{9A19103F-16F7-4668-BE54-9A1E7A4F7556}") = "ChroniclerAI", "BT.Transcription\ChroniclerAI.csproj", "{F95EEC2C-C0D6-4ABA-B177-8CB288CF195F}"
EndProject
Global
	GlobalSection(SolutionConfigurationPlatforms) = preSolution
		Debug|Any CPU = Debug|Any CPU
		Release|Any CPU = Release|Any CPU
	EndGlobalSection
	GlobalSection(ProjectConfigurationPlatforms) = postSolution
		{F95EEC2C-C0D6-4ABA-B177-8CB288CF195F}.Debug|Any CPU.ActiveCfg = Debug|Any CPU
		{F95EEC2C-C0D6-4ABA-B177-8CB288CF195F}.Debug|Any CPU.Build.0 = Debug|Any CPU
		{F95EEC2C-C0D6-4ABA-B177-8CB288CF195F}.Release|Any CPU.ActiveCfg = Release|Any CPU
		{F95EEC2C-C0D6-4ABA-B177-8CB288CF195F}.Release|Any CPU.Build.0 = Release|Any CPU
	EndGlobalSection
	GlobalSection(SolutionProperties) = preSolution
		HideSolutionNode = FALSE
	EndGlobalSection
	GlobalSection(ExtensibilityGlobals) = postSolution
		SolutionGuid = {312E99E2-8A81-4FCA-9953-87C450AA4F45}
	EndGlobalSection
EndGlobal
